
Microsoft Visual Studio Solution File, Format Version 12.00
# Visual Studio 15
Project("{FAE04EC0-301F-11D3-BF4B-00C04F79EFBC}") = "Assembly-CSharp", "Assembly-CSharp.csproj", "{99574278-0BA5-D23D-98BD-499002CED1CF}"
EndProject
Project("{FAE04EC0-301F-11D3-BF4B-00C04F79EFBC}") = "GoogleMobileAds", "GoogleMobileAds.csproj", "{EFBB925A-5CA1-21EA-2B01-9B47E9935C7B}"
EndProject
Project("{FAE04EC0-301F-11D3-BF4B-00C04F79EFBC}") = "Assembly-CSharp-firstpass", "Assembly-CSharp-firstpass.csproj", "{2D74EDF7-C2D4-E0F2-EFBA-C05C36789D10}"
EndProject
Project("{FAE04EC0-301F-11D3-BF4B-00C04F79EFBC}") = "Assembly-CSharp-Editor", "Assembly-CSharp-Editor.csproj", "{368D9E49-6F6A-77B8-6889-C5B8FB2A3448}"
EndProject
Project("{FAE04EC0-301F-11D3-BF4B-00C04F79EFBC}") = "GoogleMobileAds.Editor", "GoogleMobileAds.Editor.csproj", "{512FFEB3-79EB-9F60-43E2-90FB10B78980}"
EndProject
Project("{FAE04EC0-301F-11D3-BF4B-00C04F79EFBC}") = "Assembly-CSharp-Editor-firstpass", "Assembly-CSharp-Editor-firstpass.csproj", "{4ECFB3E4-BA70-09A8-16E8-09DB14549CAF}"
EndProject
Global
	GlobalSection(SolutionConfigurationPlatforms) = preSolution
		Debug|Any CPU = Debug|Any CPU
		Release|Any CPU = Release|Any CPU
	EndGlobalSection
	GlobalSection(ProjectConfigurationPlatforms) = postSolution
		{99574278-0BA5-D23D-98BD-499002CED1CF}.Debug|Any CPU.ActiveCfg = Debug|Any CPU
		{99574278-0BA5-D23D-98BD-499002CED1CF}.Debug|Any CPU.Build.0 = Debug|Any CPU
		{99574278-0BA5-D23D-98BD-499002CED1CF}.Release|Any CPU.ActiveCfg = Release|Any CPU
		{99574278-0BA5-D23D-98BD-499002CED1CF}.Release|Any CPU.Build.0 = Release|Any CPU
		{EFBB925A-5CA1-21EA-2B01-9B47E9935C7B}.Debug|Any CPU.ActiveCfg = Debug|Any CPU
		{EFBB925A-5CA1-21EA-2B01-9B47E9935C7B}.Debug|Any CPU.Build.0 = Debug|Any CPU
		{EFBB925A-5CA1-21EA-2B01-9B47E9935C7B}.Release|Any CPU.ActiveCfg = Release|Any CPU
		{EFBB925A-5CA1-21EA-2B01-9B47E9935C7B}.Release|Any CPU.Build.0 = Release|Any CPU
		{2D74EDF7-C2D4-E0F2-EFBA-C05C36789D10}.Debug|Any CPU.ActiveCfg = Debug|Any CPU
		{2D74EDF7-C2D4-E0F2-EFBA-C05C36789D10}.Debug|Any CPU.Build.0 = Debug|Any CPU
		{2D74EDF7-C2D4-E0F2-EFBA-C05C36789D10}.Release|Any CPU.ActiveCfg = Release|Any CPU
		{2D74EDF7-C2D4-E0F2-EFBA-C05C36789D10}.Release|Any CPU.Build.0 = Release|Any CPU
		{368D9E49-6F6A-77B8-6889-C5B8FB2A3448}.Debug|Any CPU.ActiveCfg = Debug|Any CPU
		{368D9E49-6F6A-77B8-6889-C5B8FB2A3448}.Debug|Any CPU.Build.0 = Debug|Any CPU
		{368D9E49-6F6A-77B8-6889-C5B8FB2A3448}.Release|Any CPU.ActiveCfg = Release|Any CPU
		{368D9E49-6F6A-77B8-6889-C5B8FB2A3448}.Release|Any CPU.Build.0 = Release|Any CPU
		{512FFEB3-79EB-9F60-43E2-90FB10B78980}.Debug|Any CPU.ActiveCfg = Debug|Any CPU
		{512FFEB3-79EB-9F60-43E2-90FB10B78980}.Debug|Any CPU.Build.0 = Debug|Any CPU
		{512FFEB3-79EB-9F60-43E2-90FB10B78980}.Release|Any CPU.ActiveCfg = Release|Any CPU
		{512FFEB3-79EB-9F60-43E2-90FB10B78980}.Release|Any CPU.Build.0 = Release|Any CPU
		{4ECFB3E4-BA70-09A8-16E8-09DB14549CAF}.Debug|Any CPU.ActiveCfg = Debug|Any CPU
		{4ECFB3E4-BA70-09A8-16E8-09DB14549CAF}.Debug|Any CPU.Build.0 = Debug|Any CPU
		{4ECFB3E4-BA70-09A8-16E8-09DB14549CAF}.Release|Any CPU.ActiveCfg = Release|Any CPU
		{4ECFB3E4-BA70-09A8-16E8-09DB14549CAF}.Release|Any CPU.Build.0 = Release|Any CPU
	EndGlobalSection
	GlobalSection(SolutionProperties) = preSolution
		HideSolutionNode = FALSE
	EndGlobalSection
EndGlobal
