
Microsoft Visual Studio Solution File, Format Version 12.00
# Visual Studio 15
Project("{FAE04EC0-301F-11D3-BF4B-00C04F79EFBC}") = "Assembly-CSharp", "Assembly-CSharp.csproj", "{89981BB1-51B1-2BDD-135D-B9A845B22D7C}"
EndProject
Project("{FAE04EC0-301F-11D3-BF4B-00C04F79EFBC}") = "Assembly-CSharp-firstpass", "Assembly-CSharp-firstpass.csproj", "{66167AE5-0878-8501-3C09-922804DF26EC}"
EndProject
Project("{FAE04EC0-301F-11D3-BF4B-00C04F79EFBC}") = "Assembly-CSharp-Editor-firstpass", "Assembly-CSharp-Editor-firstpass.csproj", "{D7DE3DCD-D51D-6D14-F30B-1D6ABCF2AD29}"
EndProject
Global
	GlobalSection(SolutionConfigurationPlatforms) = preSolution
		Debug|Any CPU = Debug|Any CPU
		Release|Any CPU = Release|Any CPU
	EndGlobalSection
	GlobalSection(ProjectConfigurationPlatforms) = postSolution
		{89981BB1-51B1-2BDD-135D-B9A845B22D7C}.Debug|Any CPU.ActiveCfg = Debug|Any CPU
		{89981BB1-51B1-2BDD-135D-B9A845B22D7C}.Debug|Any CPU.Build.0 = Debug|Any CPU
		{89981BB1-51B1-2BDD-135D-B9A845B22D7C}.Release|Any CPU.ActiveCfg = Release|Any CPU
		{89981BB1-51B1-2BDD-135D-B9A845B22D7C}.Release|Any CPU.Build.0 = Release|Any CPU
		{66167AE5-0878-8501-3C09-922804DF26EC}.Debug|Any CPU.ActiveCfg = Debug|Any CPU
		{66167AE5-0878-8501-3C09-922804DF26EC}.Debug|Any CPU.Build.0 = Debug|Any CPU
		{66167AE5-0878-8501-3C09-922804DF26EC}.Release|Any CPU.ActiveCfg = Release|Any CPU
		{66167AE5-0878-8501-3C09-922804DF26EC}.Release|Any CPU.Build.0 = Release|Any CPU
		{D7DE3DCD-D51D-6D14-F30B-1D6ABCF2AD29}.Debug|Any CPU.ActiveCfg = Debug|Any CPU
		{D7DE3DCD-D51D-6D14-F30B-1D6ABCF2AD29}.Debug|Any CPU.Build.0 = Debug|Any CPU
		{D7DE3DCD-D51D-6D14-F30B-1D6ABCF2AD29}.Release|Any CPU.ActiveCfg = Release|Any CPU
		{D7DE3DCD-D51D-6D14-F30B-1D6ABCF2AD29}.Release|Any CPU.Build.0 = Release|Any CPU
	EndGlobalSection
	GlobalSection(SolutionProperties) = preSolution
		HideSolutionNode = FALSE
	EndGlobalSection
EndGlobal
